
Microsoft Visual Studio Solution File, Format Version 12.00
# Visual Studio Version 16
VisualStudioVersion = 16.0.28621.142
MinimumVisualStudioVersion = 15.0.26124.0
Project("{9A19103F-16F7-4668-BE54-9A1E7A4F7556}") = "dotnet-core-uninstall", "src\dotnet-core-uninstall\dotnet-core-uninstall.csproj", "{0DED2870-9E4C-416F-B83A-01B0D89B25CA}"
EndProject
Project("{9A19103F-16F7-4668-BE54-9A1E7A4F7556}") = "dotnet-core-uninstall.Tests", "test\dotnet-core-uninstall.Tests\dotnet-core-uninstall.Tests.csproj", "{5F533EB4-7C04-4243-914F-7C9092F6FB8F}"
EndProject
Project("{9A19103F-16F7-4668-BE54-9A1E7A4F7556}") = "MSBuildBinLogQuery", "src\MSBuildBinLogQuery\MSBuildBinLogQuery.csproj", "{A7FF737E-4ADE-4B5A-BA1C-3F4B7129590F}"
EndProject
Project("{FAE04EC0-301F-11D3-BF4B-00C04F79EFBC}") = "MSBuildBinLogQuery.CommandLine", "test\MSBuildBinLogQuery.CommandLine\MSBuildBinLogQuery.CommandLine.csproj", "{FA6C040A-0EE8-4206-A676-EFAE43DFD5CC}"
EndProject
Global
	GlobalSection(SolutionConfigurationPlatforms) = preSolution
		Debug|Any CPU = Debug|Any CPU
		Debug|x64 = Debug|x64
		Debug|x86 = Debug|x86
		Release|Any CPU = Release|Any CPU
		Release|x64 = Release|x64
		Release|x86 = Release|x86
	EndGlobalSection
	GlobalSection(ProjectConfigurationPlatforms) = postSolution
		{0DED2870-9E4C-416F-B83A-01B0D89B25CA}.Debug|Any CPU.ActiveCfg = Debug|Any CPU
		{0DED2870-9E4C-416F-B83A-01B0D89B25CA}.Debug|Any CPU.Build.0 = Debug|Any CPU
		{0DED2870-9E4C-416F-B83A-01B0D89B25CA}.Debug|x64.ActiveCfg = Debug|Any CPU
		{0DED2870-9E4C-416F-B83A-01B0D89B25CA}.Debug|x64.Build.0 = Debug|Any CPU
		{0DED2870-9E4C-416F-B83A-01B0D89B25CA}.Debug|x86.ActiveCfg = Debug|Any CPU
		{0DED2870-9E4C-416F-B83A-01B0D89B25CA}.Debug|x86.Build.0 = Debug|Any CPU
		{0DED2870-9E4C-416F-B83A-01B0D89B25CA}.Release|Any CPU.ActiveCfg = Release|Any CPU
		{0DED2870-9E4C-416F-B83A-01B0D89B25CA}.Release|Any CPU.Build.0 = Release|Any CPU
		{0DED2870-9E4C-416F-B83A-01B0D89B25CA}.Release|x64.ActiveCfg = Release|Any CPU
		{0DED2870-9E4C-416F-B83A-01B0D89B25CA}.Release|x64.Build.0 = Release|Any CPU
		{0DED2870-9E4C-416F-B83A-01B0D89B25CA}.Release|x86.ActiveCfg = Release|Any CPU
		{0DED2870-9E4C-416F-B83A-01B0D89B25CA}.Release|x86.Build.0 = Release|Any CPU
		{5F533EB4-7C04-4243-914F-7C9092F6FB8F}.Debug|Any CPU.ActiveCfg = Debug|Any CPU
		{5F533EB4-7C04-4243-914F-7C9092F6FB8F}.Debug|Any CPU.Build.0 = Debug|Any CPU
		{5F533EB4-7C04-4243-914F-7C9092F6FB8F}.Debug|x64.ActiveCfg = Debug|Any CPU
		{5F533EB4-7C04-4243-914F-7C9092F6FB8F}.Debug|x64.Build.0 = Debug|Any CPU
		{5F533EB4-7C04-4243-914F-7C9092F6FB8F}.Debug|x86.ActiveCfg = Debug|Any CPU
		{5F533EB4-7C04-4243-914F-7C9092F6FB8F}.Debug|x86.Build.0 = Debug|Any CPU
		{5F533EB4-7C04-4243-914F-7C9092F6FB8F}.Release|Any CPU.ActiveCfg = Release|Any CPU
		{5F533EB4-7C04-4243-914F-7C9092F6FB8F}.Release|Any CPU.Build.0 = Release|Any CPU
		{5F533EB4-7C04-4243-914F-7C9092F6FB8F}.Release|x64.ActiveCfg = Release|Any CPU
		{5F533EB4-7C04-4243-914F-7C9092F6FB8F}.Release|x64.Build.0 = Release|Any CPU
		{5F533EB4-7C04-4243-914F-7C9092F6FB8F}.Release|x86.ActiveCfg = Release|Any CPU
		{5F533EB4-7C04-4243-914F-7C9092F6FB8F}.Release|x86.Build.0 = Release|Any CPU
		{A7FF737E-4ADE-4B5A-BA1C-3F4B7129590F}.Debug|Any CPU.ActiveCfg = Debug|Any CPU
		{A7FF737E-4ADE-4B5A-BA1C-3F4B7129590F}.Debug|Any CPU.Build.0 = Debug|Any CPU
		{A7FF737E-4ADE-4B5A-BA1C-3F4B7129590F}.Debug|x64.ActiveCfg = Debug|Any CPU
		{A7FF737E-4ADE-4B5A-BA1C-3F4B7129590F}.Debug|x64.Build.0 = Debug|Any CPU
		{A7FF737E-4ADE-4B5A-BA1C-3F4B7129590F}.Debug|x86.ActiveCfg = Debug|Any CPU
		{A7FF737E-4ADE-4B5A-BA1C-3F4B7129590F}.Debug|x86.Build.0 = Debug|Any CPU
		{A7FF737E-4ADE-4B5A-BA1C-3F4B7129590F}.Release|Any CPU.ActiveCfg = Release|Any CPU
		{A7FF737E-4ADE-4B5A-BA1C-3F4B7129590F}.Release|Any CPU.Build.0 = Release|Any CPU
		{A7FF737E-4ADE-4B5A-BA1C-3F4B7129590F}.Release|x64.ActiveCfg = Release|Any CPU
		{A7FF737E-4ADE-4B5A-BA1C-3F4B7129590F}.Release|x64.Build.0 = Release|Any CPU
		{A7FF737E-4ADE-4B5A-BA1C-3F4B7129590F}.Release|x86.ActiveCfg = Release|Any CPU
		{A7FF737E-4ADE-4B5A-BA1C-3F4B7129590F}.Release|x86.Build.0 = Release|Any CPU
		{FA6C040A-0EE8-4206-A676-EFAE43DFD5CC}.Debug|Any CPU.ActiveCfg = Debug|Any CPU
		{FA6C040A-0EE8-4206-A676-EFAE43DFD5CC}.Debug|Any CPU.Build.0 = Debug|Any CPU
		{FA6C040A-0EE8-4206-A676-EFAE43DFD5CC}.Debug|x64.ActiveCfg = Debug|Any CPU
		{FA6C040A-0EE8-4206-A676-EFAE43DFD5CC}.Debug|x64.Build.0 = Debug|Any CPU
		{FA6C040A-0EE8-4206-A676-EFAE43DFD5CC}.Debug|x86.ActiveCfg = Debug|Any CPU
		{FA6C040A-0EE8-4206-A676-EFAE43DFD5CC}.Debug|x86.Build.0 = Debug|Any CPU
		{FA6C040A-0EE8-4206-A676-EFAE43DFD5CC}.Release|Any CPU.ActiveCfg = Release|Any CPU
		{FA6C040A-0EE8-4206-A676-EFAE43DFD5CC}.Release|Any CPU.Build.0 = Release|Any CPU
		{FA6C040A-0EE8-4206-A676-EFAE43DFD5CC}.Release|x64.ActiveCfg = Release|Any CPU
		{FA6C040A-0EE8-4206-A676-EFAE43DFD5CC}.Release|x64.Build.0 = Release|Any CPU
		{FA6C040A-0EE8-4206-A676-EFAE43DFD5CC}.Release|x86.ActiveCfg = Release|Any CPU
		{FA6C040A-0EE8-4206-A676-EFAE43DFD5CC}.Release|x86.Build.0 = Release|Any CPU
	EndGlobalSection
	GlobalSection(SolutionProperties) = preSolution
		HideSolutionNode = FALSE
	EndGlobalSection
	GlobalSection(ExtensibilityGlobals) = postSolution
		SolutionGuid = {55D9F9EA-5853-4A1E-88A4-EF23CE993EAB}
	EndGlobalSection
EndGlobal
